// !$*UTF8*$!
{
	archiveVersion = 1;
	classes = {
	};
	objectVersion = 50;
	objects = {

/* Begin PBXBuildFile section */
		7306BC5223F36191003B3C80 /* AppDelegate.swift in Sources */ = {isa = PBXBuildFile; fileRef = 7306BC5123F36191003B3C80 /* AppDelegate.swift */; };
		7306BC5423F36191003B3C80 /* SceneDelegate.swift in Sources */ = {isa = PBXBuildFile; fileRef = 7306BC5323F36191003B3C80 /* SceneDelegate.swift */; };
		7306BC5623F36191003B3C80 /* ViewController.swift in Sources */ = {isa = PBXBuildFile; fileRef = 7306BC5523F36191003B3C80 /* ViewController.swift */; };
		7306BC5923F36191003B3C80 /* Main.storyboard in Resources */ = {isa = PBXBuildFile; fileRef = 7306BC5723F36191003B3C80 /* Main.storyboard */; };
		7306BC5B23F36194003B3C80 /* Assets.xcassets in Resources */ = {isa = PBXBuildFile; fileRef = 7306BC5A23F36194003B3C80 /* Assets.xcassets */; };
		7306BC5E23F36194003B3C80 /* LaunchScreen.storyboard in Resources */ = {isa = PBXBuildFile; fileRef = 7306BC5C23F36194003B3C80 /* LaunchScreen.storyboard */; };
/* End PBXBuildFile section */

/* Begin PBXFileReference section */
		7306BC4E23F36191003B3C80 /* clase19Proyecto1.app */ = {isa = PBXFileReference; explicitFileType = wrapper.application; includeInIndex = 0; path = clase19Proyecto1.app; sourceTree = BUILT_PRODUCTS_DIR; };
		7306BC5123F36191003B3C80 /* AppDelegate.swift */ = {isa = PBXFileReference; lastKnownFileType = sourcecode.swift; path = AppDelegate.swift; sourceTree = "<group>"; };
		7306BC5323F36191003B3C80 /* SceneDelegate.swift */ = {isa = PBXFileReference; lastKnownFileType = sourcecode.swift; path = SceneDelegate.swift; sourceTree = "<group>"; };
		7306BC5523F36191003B3C80 /* ViewController.swift */ = {isa = PBXFileReference; lastKnownFileType = sourcecode.swift; path = ViewController.swift; sourceTree = "<group>"; };
		7306BC5823F36191003B3C80 /* Base */ = {isa = PBXFileReference; lastKnownFileType = file.storyboard; name = Base; path = Base.lproj/Main.storyboard; sourceTree = "<group>"; };
		7306BC5A23F36194003B3C80 /* Assets.xcassets */ = {isa = PBXFileReference; lastKnownFileType = folder.assetcatalog; path = Assets.xcassets; sourceTree = "<group>"; };
		7306BC5D23F36194003B3C80 /* Base */ = {isa = PBXFileReference; lastKnownFileType = file.storyboard; name = Base; path = Base.lproj/LaunchScreen.storyboard; sourceTree = "<group>"; };
		7306BC5F23F36194003B3C80 /* Info.plist */ = {isa = PBXFileReference; lastKnownFileType = text.plist.xml; path = Info.plist; sourceTree = "<group>"; };
		7306BC6623F36500003B3C80 /* p1.playground */ = {isa = PBXFileReference; lastKnownFileType = file.playground; path = p1.playground; sourceTree = "<group>"; xcLanguageSpecificationIdentifier = xcode.lang.swift; };
/* End PBXFileReference section */

/* Begin PBXFrameworksBuildPhase section */
		7306BC4B23F36191003B3C80 /* Frameworks */ = {
			isa = PBXFrameworksBuildPhase;
			buildActionMask = 2147483647;
			files = (
			);
			runOnlyForDeploymentPostprocessing = 0;
		};
/* End PBXFrameworksBuildPhase section */

/* Begin PBXGroup section */
		7306BC4523F36191003B3C80 = {
			isa = PBXGroup;
			children = (
				7306BC5023F36191003B3C80 /* clase19Proyecto1 */,
				7306BC4F23F36191003B3C80 /* Products */,
			);
			sourceTree = "<group>";
		};
		7306BC4F23F36191003B3C80 /* Products */ = {
			isa = PBXGroup;
			children = (
				7306BC4E23F36191003B3C80 /* clase19Proyecto1.app */,
			);
			name = Products;
			sourceTree = "<group>";
		};
		7306BC5023F36191003B3C80 /* clase19Proyecto1 */ = {
			isa = PBXGroup;
			children = (
				7306BC5123F36191003B3C80 /* AppDelegate.swift */,
				7306BC5323F36191003B3C80 /* SceneDelegate.swift */,
				7306BC5523F36191003B3C80 /* ViewController.swift */,
				7306BC6623F36500003B3C80 /* p1.playground */,
				7306BC5723F36191003B3C80 /* Main.storyboard */,
				7306BC5A23F36194003B3C80 /* Assets.xcassets */,
				7306BC5C23F36194003B3C80 /* LaunchScreen.storyboard */,
				7306BC5F23F36194003B3C80 /* Info.plist */,
			);
			path = clase19Proyecto1;
			sourceTree = "<group>";
		};
/* End PBXGroup section */

/* Begin PBXNativeTarget section */
		7306BC4D23F36191003B3C80 /* clase19Proyecto1 */ = {
			isa = PBXNativeTarget;
			buildConfigurationList = 7306BC6223F36194003B3C80 /* Build configuration list for PBXNativeTarget "clase19Proyecto1" */;
			buildPhases = (
				7306BC4A23F36191003B3C80 /* Sources */,
				7306BC4B23F36191003B3C80 /* Frameworks */,
				7306BC4C23F36191003B3C80 /* Resources */,
			);
			buildRules = (
			);
			dependencies = (
			);
			name = clase19Proyecto1;
			productName = clase19Proyecto1;
			productReference = 7306BC4E23F36191003B3C80 /* clase19Proyecto1.app */;
			productType = "com.apple.product-type.application";
		};
/* End PBXNativeTarget section */

/* Begin PBXProject section */
		7306BC4623F36191003B3C80 /* Project object */ = {
			isa = PBXProject;
			attributes = {
				LastSwiftUpdateCheck = 1130;
				LastUpgradeCheck = 1130;
				ORGANIZATIONNAME = "Jesus Daniel Mayo Ruiz";
				TargetAttributes = {
					7306BC4D23F36191003B3C80 = {
						CreatedOnToolsVersion = 11.3;
					};
				};
			};
			buildConfigurationList = 7306BC4923F36191003B3C80 /* Build configuration list for PBXProject "clase19Proyecto1" */;
			compatibilityVersion = "Xcode 9.3";
			developmentRegion = en;
			hasScannedForEncodings = 0;
			knownRegions = (
				en,
				Base,
			);
			mainGroup = 7306BC4523F36191003B3C80;
			productRefGroup = 7306BC4F23F36191003B3C80 /* Products */;
			projectDirPath = "";
			projectRoot = "";
			targets = (
				7306BC4D23F36191003B3C80 /* clase19Proyecto1 */,
			);
		};
/* End PBXProject section */

/* Begin PBXResourcesBuildPhase section */
		7306BC4C23F36191003B3C80 /* Resources */ = {
			isa = PBXResourcesBuildPhase;
			buildActionMask = 2147483647;
			files = (
				7306BC5E23F36194003B3C80 /* LaunchScreen.storyboard in Resources */,
				7306BC5B23F36194003B3C80 /* Assets.xcassets in Resources */,
				7306BC5923F36191003B3C80 /* Main.storyboard in Resources */,
			);
			runOnlyForDeploymentPostprocessing = 0;
		};
/* End PBXResourcesBuildPhase section */

/* Begin PBXSourcesBuildPhase section */
		7306BC4A23F36191003B3C80 /* Sources */ = {
			isa = PBXSourcesBuildPhase;
			buildActionMask = 2147483647;
			files = (
				7306BC5623F36191003B3C80 /* ViewController.swift in Sources */,
				7306BC5223F36191003B3C80 /* AppDelegate.swift in Sources */,
				7306BC5423F36191003B3C80 /* SceneDelegate.swift in Sources */,
			);
			runOnlyForDeploymentPostprocessing = 0;
		};
/* End PBXSourcesBuildPhase section */

/* Begin PBXVariantGroup section */
		7306BC5723F36191003B3C80 /* Main.storyboard */ = {
			isa = PBXVariantGroup;
			children = (
				7306BC5823F36191003B3C80 /* Base */,
			);
			name = Main.storyboard;
			sourceTree = "<group>";
		};
		7306BC5C23F36194003B3C80 /* LaunchScreen.storyboard */ = {
			isa = PBXVariantGroup;
			children = (
				7306BC5D23F36194003B3C80 /* Base */,
			);
			name = LaunchScreen.storyboard;
			sourceTree = "<group>";
		};
/* End PBXVariantGroup section */

/* Begin XCBuildConfiguration section */
		7306BC6023F36194003B3C80 /* Debug */ = {
			isa = XCBuildConfiguration;
			buildSettings = {
				ALWAYS_SEARCH_USER_PATHS = NO;
				CLANG_ANALYZER_NONNULL = YES;
				CLANG_ANALYZER_NUMBER_OBJECT_CONVERSION = YES_AGGRESSIVE;
				CLANG_CXX_LANGUAGE_STANDARD = "gnu++14";
				CLANG_CXX_LIBRARY = "libc++";
				CLANG_ENABLE_MODULES = YES;
				CLANG_ENABLE_OBJC_ARC = YES;
				CLANG_ENABLE_OBJC_WEAK = YES;
				CLANG_WARN_BLOCK_CAPTURE_AUTORELEASING = YES;
				CLANG_WARN_BOOL_CONVERSION = YES;
				CLANG_WARN_COMMA = YES;
				CLANG_WARN_CONSTANT_CONVERSION = YES;
				CLANG_WARN_DEPRECATED_OBJC_IMPLEMENTATIONS = YES;
				CLANG_WARN_DIRECT_OBJC_ISA_USAGE = YES_ERROR;
				CLANG_WARN_DOCUMENTATION_COMMENTS = YES;
				CLANG_WARN_EMPTY_BODY = YES;
				CLANG_WARN_ENUM_CONVERSION = YES;
				CLANG_WARN_INFINITE_RECURSION = YES;
				CLANG_WARN_INT_CONVERSION = YES;
				CLANG_WARN_NON_LITERAL_NULL_CONVERSION = YES;
				CLANG_WARN_OBJC_IMPLICIT_RETAIN_SELF = YES;
				CLANG_WARN_OBJC_LITERAL_CONVERSION = YES;
				CLANG_WARN_OBJC_ROOT_CLASS = YES_ERROR;
				CLANG_WARN_RANGE_LOOP_ANALYSIS = YES;
				CLANG_WARN_STRICT_PROTOTYPES = YES;
				CLANG_WARN_SUSPICIOUS_MOVE = YES;
				CLANG_WARN_UNGUARDED_AVAILABILITY = YES_AGGRESSIVE;
				CLANG_WARN_UNREACHABLE_CODE = YES;
				CLANG_WARN__DUPLICATE_METHOD_MATCH = YES;
				COPY_PHASE_STRIP = NO;
				DEBUG_INFORMATION_FORMAT = dwarf;
				ENABLE_STRICT_OBJC_MSGSEND = YES;
				ENABLE_TESTABILITY = YES;
				GCC_C_LANGUAGE_STANDARD = gnu11;
				GCC_DYNAMIC_NO_PIC = NO;
				GCC_NO_COMMON_BLOCKS = YES;
				GCC_OPTIMIZATION_LEVEL = 0;
				GCC_PREPROCESSOR_DEFINITIONS = (
					"DEBUG=1",
					"$(inherited)",
				);
				GCC_WARN_64_TO_32_BIT_CONVERSION = YES;
				GCC_WARN_ABOUT_RETURN_TYPE = YES_ERROR;
				GCC_WARN_UNDECLARED_SELECTOR = YES;
				GCC_WARN_UNINITIALIZED_AUTOS = YES_AGGRESSIVE;
				GCC_WARN_UNUSED_FUNCTION = YES;
				GCC_WARN_UNUSED_VARIABLE = YES;
				IPHONEOS_DEPLOYMENT_TARGET = 13.2;
				MTL_ENABLE_DEBUG_INFO = INCLUDE_SOURCE;
				MTL_FAST_MATH = YES;
				ONLY_ACTIVE_ARCH = YES;
				SDKROOT = iphoneos;
				SWIFT_ACTIVE_COMPILATION_CONDITIONS = DEBUG;
				SWIFT_OPTIMIZATION_LEVEL = "-Onone";
			};
			name = Debug;
		};
		7306BC6123F36194003B3C80 /* Release */ = {
			isa = XCBuildConfiguration;
			buildSettings = {
				ALWAYS_SEARCH_USER_PATHS = NO;
				CLANG_ANALYZER_NONNULL = YES;
				CLANG_ANALYZER_NUMBER_OBJECT_CONVERSION = YES_AGGRESSIVE;
				CLANG_CXX_LANGUAGE_STANDARD = "gnu++14";
				CLANG_CXX_LIBRARY = "libc++";
				CLANG_ENABLE_MODULES = YES;
				CLANG_ENABLE_OBJC_ARC = YES;
				CLANG_ENABLE_OBJC_WEAK = YES;
				CLANG_WARN_BLOCK_CAPTURE_AUTORELEASING = YES;
				CLANG_WARN_BOOL_CONVERSION = YES;
				CLANG_WARN_COMMA = YES;
				CLANG_WARN_CONSTANT_CONVERSION = YES;
				CLANG_WARN_DEPRECATED_OBJC_IMPLEMENTATIONS = YES;
				CLANG_WARN_DIRECT_OBJC_ISA_USAGE = YES_ERROR;
				CLANG_WARN_DOCUMENTATION_COMMENTS = YES;
				CLANG_WARN_EMPTY_BODY = YES;
				CLANG_WARN_ENUM_CONVERSION = YES;
				CLANG_WARN_INFINITE_RECURSION = YES;
				CLANG_WARN_INT_CONVERSION = YES;
				CLANG_WARN_NON_LITERAL_NULL_CONVERSION = YES;
				CLANG_WARN_OBJC_IMPLICIT_RETAIN_SELF = YES;
				CLANG_WARN_OBJC_LITERAL_CONVERSION = YES;
				CLANG_WARN_OBJC_ROOT_CLASS = YES_ERROR;
				CLANG_WARN_RANGE_LOOP_ANALYSIS = YES;
				CLANG_WARN_STRICT_PROTOTYPES = YES;
				CLANG_WARN_SUSPICIOUS_MOVE = YES;
				CLANG_WARN_UNGUARDED_AVAILABILITY = YES_AGGRESSIVE;
				CLANG_WARN_UNREACHABLE_CODE = YES;
				CLANG_WARN__DUPLICATE_METHOD_MATCH = YES;
				COPY_PHASE_STRIP = NO;
				DEBUG_INFORMATION_FORMAT = "dwarf-with-dsym";
				ENABLE_NS_ASSERTIONS = NO;
				ENABLE_STRICT_OBJC_MSGSEND = YES;
				GCC_C_LANGUAGE_STANDARD = gnu11;
				GCC_NO_COMMON_BLOCKS = YES;
				GCC_WARN_64_TO_32_BIT_CONVERSION = YES;
				GCC_WARN_ABOUT_RETURN_TYPE = YES_ERROR;
				GCC_WARN_UNDECLARED_SELECTOR = YES;
				GCC_WARN_UNINITIALIZED_AUTOS = YES_AGGRESSIVE;
				GCC_WARN_UNUSED_FUNCTION = YES;
				GCC_WARN_UNUSED_VARIABLE = YES;
				IPHONEOS_DEPLOYMENT_TARGET = 13.2;
				MTL_ENABLE_DEBUG_INFO = NO;
				MTL_FAST_MATH = YES;
				SDKROOT = iphoneos;
				SWIFT_COMPILATION_MODE = wholemodule;
				SWIFT_OPTIMIZATION_LEVEL = "-O";
				VALIDATE_PRODUCT = YES;
			};
			name = Release;
		};
		7306BC6323F36194003B3C80 /* Debug */ = {
			isa = XCBuildConfiguration;
			buildSettings = {
				ASSETCATALOG_COMPILER_APPICON_NAME = AppIcon;
				CODE_SIGN_STYLE = Automatic;
				INFOPLIST_FILE = clase19Proyecto1/Info.plist;
				LD_RUNPATH_SEARCH_PATHS = (
					"$(inherited)",
					"@executable_path/Frameworks",
				);
				PRODUCT_BUNDLE_IDENTIFIER = app.clase19Proyecto1;
				PRODUCT_NAME = "$(TARGET_NAME)";
				SWIFT_VERSION = 5.0;
				TARGETED_DEVICE_FAMILY = "1,2";
			};
			name = Debug;
		};
		7306BC6423F36194003B3C80 /* Release */ = {
			isa = XCBuildConfiguration;
			buildSettings = {
				ASSETCATALOG_COMPILER_APPICON_NAME = AppIcon;
				CODE_SIGN_STYLE = Automatic;
				INFOPLIST_FILE = clase19Proyecto1/Info.plist;
				LD_RUNPATH_SEARCH_PATHS = (
					"$(inherited)",
					"@executable_path/Frameworks",
				);
				PRODUCT_BUNDLE_IDENTIFIER = app.clase19Proyecto1;
				PRODUCT_NAME = "$(TARGET_NAME)";
				SWIFT_VERSION = 5.0;
				TARGETED_DEVICE_FAMILY = "1,2";
			};
			name = Release;
		};
/* End XCBuildConfiguration section */

/* Begin XCConfigurationList section */
		7306BC4923F36191003B3C80 /* Build configuration list for PBXProject "clase19Proyecto1" */ = {
			isa = XCConfigurationList;
			buildConfigurations = (
				7306BC6023F36194003B3C80 /* Debug */,
				7306BC6123F36194003B3C80 /* Release */,
			);
			defaultConfigurationIsVisible = 0;
			defaultConfigurationName = Release;
		};
		7306BC6223F36194003B3C80 /* Build configuration list for PBXNativeTarget "clase19Proyecto1" */ = {
			isa = XCConfigurationList;
			buildConfigurations = (
				7306BC6323F36194003B3C80 /* Debug */,
				7306BC6423F36194003B3C80 /* Release */,
			);
			defaultConfigurationIsVisible = 0;
			defaultConfigurationName = Release;
		};
/* End XCConfigurationList section */
	};
	rootObject = 7306BC4623F36191003B3C80 /* Project object */;
}
